{
  "name": "preop-intel",
  "lockfileVersion": 3,
  "requires": true,
  "packages": {
    "": {
      "name": "preop-intel",
      "workspaces": [
        "apps/*",
        "packages/*"
      ],
      "devDependencies": {
        "turbo": "^2.0.0",
        "typescript": "^5.3.0"
      }
    },
    "apps/backend": {
      "name": "@preop-intel/backend",
      "version": "1.0.0",
      "dependencies": {
        "@preop-intel/shared": "*"
      }
    },
    "apps/frontend": {
      "name": "@preop-intel/frontend",
      "version": "1.0.0",
      "dependencies": {
        "@preop-intel/shared": "*"
      }
    },
    "apps/mcp-server": {
      "name": "@preop-intel/mcp-server",
      "version": "1.0.0",
      "dependencies": {
        "@preop-intel/shared": "*"
      }
    },
    "node_modules/@preop-intel/backend": {
      "resolved": "apps/backend",
      "link": true
    },
    "node_modules/@preop-intel/frontend": {
      "resolved": "apps/frontend",
      "link": true
    },
    "node_modules/@preop-intel/mcp-server": {
      "resolved": "apps/mcp-server",
      "link": true
    },
    "node_modules/@preop-intel/shared": {
      "resolved": "packages/shared",
      "link": true
    },
    "node_modules/@turbo/darwin-64": {
      "version": "2.9.0",
      "resolved": "https://registry.npmjs.org/@turbo/darwin-64/-/darwin-64-2.9.0.tgz",
      "integrity": "sha512-owaWYafOebw2en9INuP321/fSN82pIQl38VLgIDd6YJ7+jUasEkORQEkWUC8aAqsIsukLhbGdPnklzUqBwBijQ==",
      "cpu": [
        "x64"
      ],
      "dev": true,
      "license": "MIT",
      "optional": true,
      "os": [
        "darwin"
      ]
    },
    "node_modules/@turbo/darwin-arm64": {
      "version": "2.9.0",
      "resolved": "https://registry.npmjs.org/@turbo/darwin-arm64/-/darwin-arm64-2.9.0.tgz",
      "integrity": "sha512-1Jj+CXYexJraJ/vvNg5fN9cyVKx/KJyDcWVHvqZWc3aMCC/M4+HxUtnrMu1MEttv5gA4vKOGwa2FCJ9VmfSUGg==",
      "cpu": [
        "arm64"
      ],
      "dev": true,
      "license": "MIT",
      "optional": true,
      "os": [
        "darwin"
      ]
    },
    "node_modules/@turbo/linux-64": {
      "version": "2.9.0",
      "resolved": "https://registry.npmjs.org/@turbo/linux-64/-/linux-64-2.9.0.tgz",
      "integrity": "sha512-OcCTATltui6jKitb+PaYwiIkLi3bjBP9+9e7gyh0jbivXKoeIFQniMMXbXScQY28zidHw300Ym5itxBMsT/tGw==",
      "cpu": [
        "x64"
      ],
      "dev": true,
      "license": "MIT",
      "optional": true,
      "os": [
        "linux"
      ]
    },
    "node_modules/@turbo/linux-arm64": {
      "version": "2.9.0",
      "resolved": "https://registry.npmjs.org/@turbo/linux-arm64/-/linux-arm64-2.9.0.tgz",
      "integrity": "sha512-+NaycIHwYmwt5WLa6V5OZGgtvPwUTwenA7cYLHo+QBsGW7uGROPvOpFU0WED2C5KcGvlu4GP9ks3Ih6Cg5oZew==",
      "cpu": [
        "arm64"
      ],
      "dev": true,
      "license": "MIT",
      "optional": true,
      "os": [
        "linux"
      ]
    },
    "node_modules/@turbo/windows-64": {
      "version": "2.9.0",
      "resolved": "https://registry.npmjs.org/@turbo/windows-64/-/windows-64-2.9.0.tgz",
      "integrity": "sha512-HCFf7WXdGWzCQw76/34l/BdYC9tzOihYAQX6ks34WY6MnhpPPAO9YbfV1c/SBcTIjpnQhoAGEBBYrQQ9h7R18w==",
      "cpu": [
        "x64"
      ],
      "dev": true,
      "license": "MIT",
      "optional": true,
      "os": [
        "win32"
      ]
    },
    "node_modules/@turbo/windows-arm64": {
      "version": "2.9.0",
      "resolved": "https://registry.npmjs.org/@turbo/windows-arm64/-/windows-arm64-2.9.0.tgz",
      "integrity": "sha512-/pdxvCMtom9qYplukZzacCL96Vht/datjiRYc3M1geknY+mg8+f047xLxe98PwNhX1sZyovea4RtH8bNU7JLGA==",
      "cpu": [
        "arm64"
      ],
      "dev": true,
      "license": "MIT",
      "optional": true,
      "os": [
        "win32"
      ]
    },
    "node_modules/turbo": {
      "version": "2.9.0",
      "resolved": "https://registry.npmjs.org/turbo/-/turbo-2.9.0.tgz",
      "integrity": "sha512-T1PcaG7rej+JLqCyIwwu9NqKiWsoTrEsiSMj4aS9xlPsXoAZw+N8yZjKRdh1WwcQPrAeB0qswgPDoHG59hF4CQ==",
      "dev": true,
      "license": "MIT",
      "bin": {
        "turbo": "bin/turbo"
      },
      "optionalDependencies": {
        "@turbo/darwin-64": "2.9.0",
        "@turbo/darwin-arm64": "2.9.0",
        "@turbo/linux-64": "2.9.0",
        "@turbo/linux-arm64": "2.9.0",
        "@turbo/windows-64": "2.9.0",
        "@turbo/windows-arm64": "2.9.0"
      }
    },
    "node_modules/typescript": {
      "version": "5.9.3",
      "resolved": "https://registry.npmjs.org/typescript/-/typescript-5.9.3.tgz",
      "integrity": "sha512-jl1vZzPDinLr9eUt3J/t7V6FgNEw9QjvBPdysz9KfQDD41fQrC2Y4vKQdiaUpFT4bXlb1RHhLpp8wtm6M5TgSw==",
      "dev": true,
      "license": "Apache-2.0",
      "bin": {
        "tsc": "bin/tsc",
        "tsserver": "bin/tsserver"
      },
      "engines": {
        "node": ">=14.17"
      }
    },
    "packages/shared": {
      "name": "@preop-intel/shared",
      "version": "1.0.0",
      "devDependencies": {
        "typescript": "^5.3.0"
      }
    }
  }
}
